
Microsoft Visual Studio Solution File, Format Version 12.00
# Visual Studio Version 17
VisualStudioVersion = 17.13.35913.81
MinimumVisualStudioVersion = 10.0.40219.1
Project("{FAE04EC0-301F-11D3-BF4B-00C04F79EFBC}") = "DocumentSigningSolution.Api", "DocumentSigningSolution.Api\DocumentSigningSolution.Api.csproj", "{457D7E95-9489-412C-BA05-7AAD827056D6}"
	ProjectSection(ProjectDependencies) = postProject
		{063B6D08-1E20-4CC4-9405-2A7871A820BD} = {063B6D08-1E20-4CC4-9405-2A7871A820BD}
	EndProjectSection
EndProject
Project("{FAE04EC0-301F-11D3-BF4B-00C04F79EFBC}") = "DocumentSigningSolution.Application", "DocumentSigningSolution.Application\DocumentSigningSolution.Application.csproj", "{17194C84-0319-4D80-A4DB-E0A888BA737F}"
EndProject
Project("{FAE04EC0-301F-11D3-BF4B-00C04F79EFBC}") = "DocumentSigningSolution.Contracts", "DocumentSigningSolution.Contracts\DocumentSigningSolution.Contracts.csproj", "{1041BAA3-5C8B-42C3-B6C2-CC3FD38F99F9}"
EndProject
Project("{FAE04EC0-301F-11D3-BF4B-00C04F79EFBC}") = "DocumentSigningSolution.Domain", "DocumentSigningSolution.Domain\DocumentSigningSolution.Domain.csproj", "{5782D0D3-E714-4F6D-8E58-32C1693D12A7}"
EndProject
Project("{FAE04EC0-301F-11D3-BF4B-00C04F79EFBC}") = "DocumentSigningSolution.Infrastructure", "DocumentSigningSolution.Infrastructure\DocumentSigningSolution.Infrastructure.csproj", "{D555471D-D681-4634-840A-0E0E09EB3382}"
EndProject
Project("{E53339B2-1760-4266-BCC7-CA923CBCF16C}") = "docker-compose", "docker-compose.dcproj", "{81DDED9D-158B-E303-5F62-77A2896D2A5A}"
EndProject
Project("{2150E333-8FDC-42A3-9474-1A3956D46DE8}") = "Solution Items", "Solution Items", "{8EC462FD-D22E-90A8-E5CE-7E832BA40C5D}"
	ProjectSection(SolutionItems) = preProject
		Directory.Build.Props = Directory.Build.Props
	EndProjectSection
EndProject
Project("{FAE04EC0-301F-11D3-BF4B-00C04F79EFBC}") = "DocumentSigningSolution.Shared", "DocumentSigningSolution.Shared\DocumentSigningSolution.Shared.csproj", "{063B6D08-1E20-4CC4-9405-2A7871A820BD}"
EndProject
Global
	GlobalSection(SolutionConfigurationPlatforms) = preSolution
		Debug|Any CPU = Debug|Any CPU
		Debug|x64 = Debug|x64
		Debug|x86 = Debug|x86
		Release|Any CPU = Release|Any CPU
		Release|x64 = Release|x64
		Release|x86 = Release|x86
	EndGlobalSection
	GlobalSection(ProjectConfigurationPlatforms) = postSolution
		{457D7E95-9489-412C-BA05-7AAD827056D6}.Debug|Any CPU.ActiveCfg = Debug|Any CPU
		{457D7E95-9489-412C-BA05-7AAD827056D6}.Debug|Any CPU.Build.0 = Debug|Any CPU
		{457D7E95-9489-412C-BA05-7AAD827056D6}.Debug|x64.ActiveCfg = Debug|Any CPU
		{457D7E95-9489-412C-BA05-7AAD827056D6}.Debug|x64.Build.0 = Debug|Any CPU
		{457D7E95-9489-412C-BA05-7AAD827056D6}.Debug|x86.ActiveCfg = Debug|Any CPU
		{457D7E95-9489-412C-BA05-7AAD827056D6}.Debug|x86.Build.0 = Debug|Any CPU
		{457D7E95-9489-412C-BA05-7AAD827056D6}.Release|Any CPU.ActiveCfg = Release|Any CPU
		{457D7E95-9489-412C-BA05-7AAD827056D6}.Release|Any CPU.Build.0 = Release|Any CPU
		{457D7E95-9489-412C-BA05-7AAD827056D6}.Release|x64.ActiveCfg = Release|Any CPU
		{457D7E95-9489-412C-BA05-7AAD827056D6}.Release|x64.Build.0 = Release|Any CPU
		{457D7E95-9489-412C-BA05-7AAD827056D6}.Release|x86.ActiveCfg = Release|Any CPU
		{457D7E95-9489-412C-BA05-7AAD827056D6}.Release|x86.Build.0 = Release|Any CPU
		{17194C84-0319-4D80-A4DB-E0A888BA737F}.Debug|Any CPU.ActiveCfg = Debug|Any CPU
		{17194C84-0319-4D80-A4DB-E0A888BA737F}.Debug|Any CPU.Build.0 = Debug|Any CPU
		{17194C84-0319-4D80-A4DB-E0A888BA737F}.Debug|x64.ActiveCfg = Debug|Any CPU
		{17194C84-0319-4D80-A4DB-E0A888BA737F}.Debug|x64.Build.0 = Debug|Any CPU
		{17194C84-0319-4D80-A4DB-E0A888BA737F}.Debug|x86.ActiveCfg = Debug|Any CPU
		{17194C84-0319-4D80-A4DB-E0A888BA737F}.Debug|x86.Build.0 = Debug|Any CPU
		{17194C84-0319-4D80-A4DB-E0A888BA737F}.Release|Any CPU.ActiveCfg = Release|Any CPU
		{17194C84-0319-4D80-A4DB-E0A888BA737F}.Release|Any CPU.Build.0 = Release|Any CPU
		{17194C84-0319-4D80-A4DB-E0A888BA737F}.Release|x64.ActiveCfg = Release|Any CPU
		{17194C84-0319-4D80-A4DB-E0A888BA737F}.Release|x64.Build.0 = Release|Any CPU
		{17194C84-0319-4D80-A4DB-E0A888BA737F}.Release|x86.ActiveCfg = Release|Any CPU
		{17194C84-0319-4D80-A4DB-E0A888BA737F}.Release|x86.Build.0 = Release|Any CPU
		{1041BAA3-5C8B-42C3-B6C2-CC3FD38F99F9}.Debug|Any CPU.ActiveCfg = Debug|Any CPU
		{1041BAA3-5C8B-42C3-B6C2-CC3FD38F99F9}.Debug|Any CPU.Build.0 = Debug|Any CPU
		{1041BAA3-5C8B-42C3-B6C2-CC3FD38F99F9}.Debug|x64.ActiveCfg = Debug|Any CPU
		{1041BAA3-5C8B-42C3-B6C2-CC3FD38F99F9}.Debug|x64.Build.0 = Debug|Any CPU
		{1041BAA3-5C8B-42C3-B6C2-CC3FD38F99F9}.Debug|x86.ActiveCfg = Debug|Any CPU
		{1041BAA3-5C8B-42C3-B6C2-CC3FD38F99F9}.Debug|x86.Build.0 = Debug|Any CPU
		{1041BAA3-5C8B-42C3-B6C2-CC3FD38F99F9}.Release|Any CPU.ActiveCfg = Release|Any CPU
		{1041BAA3-5C8B-42C3-B6C2-CC3FD38F99F9}.Release|Any CPU.Build.0 = Release|Any CPU
		{1041BAA3-5C8B-42C3-B6C2-CC3FD38F99F9}.Release|x64.ActiveCfg = Release|Any CPU
		{1041BAA3-5C8B-42C3-B6C2-CC3FD38F99F9}.Release|x64.Build.0 = Release|Any CPU
		{1041BAA3-5C8B-42C3-B6C2-CC3FD38F99F9}.Release|x86.ActiveCfg = Release|Any CPU
		{1041BAA3-5C8B-42C3-B6C2-CC3FD38F99F9}.Release|x86.Build.0 = Release|Any CPU
		{5782D0D3-E714-4F6D-8E58-32C1693D12A7}.Debug|Any CPU.ActiveCfg = Debug|Any CPU
		{5782D0D3-E714-4F6D-8E58-32C1693D12A7}.Debug|Any CPU.Build.0 = Debug|Any CPU
		{5782D0D3-E714-4F6D-8E58-32C1693D12A7}.Debug|x64.ActiveCfg = Debug|Any CPU
		{5782D0D3-E714-4F6D-8E58-32C1693D12A7}.Debug|x64.Build.0 = Debug|Any CPU
		{5782D0D3-E714-4F6D-8E58-32C1693D12A7}.Debug|x86.ActiveCfg = Debug|Any CPU
		{5782D0D3-E714-4F6D-8E58-32C1693D12A7}.Debug|x86.Build.0 = Debug|Any CPU
		{5782D0D3-E714-4F6D-8E58-32C1693D12A7}.Release|Any CPU.ActiveCfg = Release|Any CPU
		{5782D0D3-E714-4F6D-8E58-32C1693D12A7}.Release|Any CPU.Build.0 = Release|Any CPU
		{5782D0D3-E714-4F6D-8E58-32C1693D12A7}.Release|x64.ActiveCfg = Release|Any CPU
		{5782D0D3-E714-4F6D-8E58-32C1693D12A7}.Release|x64.Build.0 = Release|Any CPU
		{5782D0D3-E714-4F6D-8E58-32C1693D12A7}.Release|x86.ActiveCfg = Release|Any CPU
		{5782D0D3-E714-4F6D-8E58-32C1693D12A7}.Release|x86.Build.0 = Release|Any CPU
		{D555471D-D681-4634-840A-0E0E09EB3382}.Debug|Any CPU.ActiveCfg = Debug|Any CPU
		{D555471D-D681-4634-840A-0E0E09EB3382}.Debug|Any CPU.Build.0 = Debug|Any CPU
		{D555471D-D681-4634-840A-0E0E09EB3382}.Debug|x64.ActiveCfg = Debug|Any CPU
		{D555471D-D681-4634-840A-0E0E09EB3382}.Debug|x64.Build.0 = Debug|Any CPU
		{D555471D-D681-4634-840A-0E0E09EB3382}.Debug|x86.ActiveCfg = Debug|Any CPU
		{D555471D-D681-4634-840A-0E0E09EB3382}.Debug|x86.Build.0 = Debug|Any CPU
		{D555471D-D681-4634-840A-0E0E09EB3382}.Release|Any CPU.ActiveCfg = Release|Any CPU
		{D555471D-D681-4634-840A-0E0E09EB3382}.Release|Any CPU.Build.0 = Release|Any CPU
		{D555471D-D681-4634-840A-0E0E09EB3382}.Release|x64.ActiveCfg = Release|Any CPU
		{D555471D-D681-4634-840A-0E0E09EB3382}.Release|x64.Build.0 = Release|Any CPU
		{D555471D-D681-4634-840A-0E0E09EB3382}.Release|x86.ActiveCfg = Release|Any CPU
		{D555471D-D681-4634-840A-0E0E09EB3382}.Release|x86.Build.0 = Release|Any CPU
		{81DDED9D-158B-E303-5F62-77A2896D2A5A}.Debug|Any CPU.ActiveCfg = Debug|Any CPU
		{81DDED9D-158B-E303-5F62-77A2896D2A5A}.Debug|Any CPU.Build.0 = Debug|Any CPU
		{81DDED9D-158B-E303-5F62-77A2896D2A5A}.Debug|x64.ActiveCfg = Debug|Any CPU
		{81DDED9D-158B-E303-5F62-77A2896D2A5A}.Debug|x64.Build.0 = Debug|Any CPU
		{81DDED9D-158B-E303-5F62-77A2896D2A5A}.Debug|x86.ActiveCfg = Debug|Any CPU
		{81DDED9D-158B-E303-5F62-77A2896D2A5A}.Debug|x86.Build.0 = Debug|Any CPU
		{81DDED9D-158B-E303-5F62-77A2896D2A5A}.Release|Any CPU.ActiveCfg = Release|Any CPU
		{81DDED9D-158B-E303-5F62-77A2896D2A5A}.Release|Any CPU.Build.0 = Release|Any CPU
		{81DDED9D-158B-E303-5F62-77A2896D2A5A}.Release|x64.ActiveCfg = Release|Any CPU
		{81DDED9D-158B-E303-5F62-77A2896D2A5A}.Release|x64.Build.0 = Release|Any CPU
		{81DDED9D-158B-E303-5F62-77A2896D2A5A}.Release|x86.ActiveCfg = Release|Any CPU
		{81DDED9D-158B-E303-5F62-77A2896D2A5A}.Release|x86.Build.0 = Release|Any CPU
		{063B6D08-1E20-4CC4-9405-2A7871A820BD}.Debug|Any CPU.ActiveCfg = Debug|Any CPU
		{063B6D08-1E20-4CC4-9405-2A7871A820BD}.Debug|Any CPU.Build.0 = Debug|Any CPU
		{063B6D08-1E20-4CC4-9405-2A7871A820BD}.Debug|x64.ActiveCfg = Debug|Any CPU
		{063B6D08-1E20-4CC4-9405-2A7871A820BD}.Debug|x64.Build.0 = Debug|Any CPU
		{063B6D08-1E20-4CC4-9405-2A7871A820BD}.Debug|x86.ActiveCfg = Debug|Any CPU
		{063B6D08-1E20-4CC4-9405-2A7871A820BD}.Debug|x86.Build.0 = Debug|Any CPU
		{063B6D08-1E20-4CC4-9405-2A7871A820BD}.Release|Any CPU.ActiveCfg = Release|Any CPU
		{063B6D08-1E20-4CC4-9405-2A7871A820BD}.Release|Any CPU.Build.0 = Release|Any CPU
		{063B6D08-1E20-4CC4-9405-2A7871A820BD}.Release|x64.ActiveCfg = Release|Any CPU
		{063B6D08-1E20-4CC4-9405-2A7871A820BD}.Release|x64.Build.0 = Release|Any CPU
		{063B6D08-1E20-4CC4-9405-2A7871A820BD}.Release|x86.ActiveCfg = Release|Any CPU
		{063B6D08-1E20-4CC4-9405-2A7871A820BD}.Release|x86.Build.0 = Release|Any CPU
	EndGlobalSection
	GlobalSection(SolutionProperties) = preSolution
		HideSolutionNode = FALSE
	EndGlobalSection
	GlobalSection(ExtensibilityGlobals) = postSolution
		SolutionGuid = {28CD5B36-422C-42C3-9AF6-AD095E24B41C}
	EndGlobalSection
EndGlobal
